// !$*UTF8*$!
{
	archiveVersion = 1;
	classes = {
	};
	objectVersion = 77;
	objects = {

/* Begin PBXBuildFile section */
		06663933B1C9394720900BA0 /* EventDetailView.swift in Sources */ = {isa = PBXBuildFile; fileRef = BB9E460F708330CF2C76EC9A /* EventDetailView.swift */; };
		10BD5017CEB940A63435D40D /* TodoistClient.swift in Sources */ = {isa = PBXBuildFile; fileRef = 19CB935B3EE3B1AC90C0B613 /* TodoistClient.swift */; };
		1E86DE4CDF27CD263D788873 /* RootView.swift in Sources */ = {isa = PBXBuildFile; fileRef = 31D3728902B09B37567B5B1C /* RootView.swift */; };
		2344B66BA4DAA8A8CF0C053A /* CalendarItem.swift in Sources */ = {isa = PBXBuildFile; fileRef = BD37C226A55860AA0B4913B1 /* CalendarItem.swift */; };
		264F35EE5211E4531329FA4F /* QuickAddView.swift in Sources */ = {isa = PBXBuildFile; fileRef = 4B122FE25D29890B0BC1465D /* QuickAddView.swift */; };
		2F4FBDE851D54B016CEF3F69 /* Assets.xcassets in Resources */ = {isa = PBXBuildFile; fileRef = A749C288E5597F383050F5CC /* Assets.xcassets */; };
		30FDDE4F6E027B8EEDE52F04 /* EventStoreService.swift in Sources */ = {isa = PBXBuildFile; fileRef = BA32860CA21E1CB22E44A3D5 /* EventStoreService.swift */; };
		354326C18C32DBE2B917532A /* ParsedInput.swift in Sources */ = {isa = PBXBuildFile; fileRef = 49E9B313BA17909201E39200 /* ParsedInput.swift */; };
		374F72155EFC90A04DFF1321 /* AppModel.swift in Sources */ = {isa = PBXBuildFile; fileRef = 84BAA74864E494C5E664E268 /* AppModel.swift */; };
		3C5238C0B4DFFD8A9926FB3D /* AppPreferences.swift in Sources */ = {isa = PBXBuildFile; fileRef = C4C428AAF9AD84EE401A831D /* AppPreferences.swift */; };
		43A6653D967FC59ABC91624E /* CadenceApp.swift in Sources */ = {isa = PBXBuildFile; fileRef = CCD2468FAE7A89F2B18DEDAF /* CadenceApp.swift */; };
		45F4DC0F7F00766FB3A325ED /* TodoistStore.swift in Sources */ = {isa = PBXBuildFile; fileRef = FA7BF0E38E79CAE286CB3193 /* TodoistStore.swift */; };
		4F622ED5721DDB0838FF7A67 /* AlertScheduler.swift in Sources */ = {isa = PBXBuildFile; fileRef = B5EE1B84A25DB13CD9394D56 /* AlertScheduler.swift */; };
		6246CC637126A708B5EC4170 /* TimelineLayoutTests.swift in Sources */ = {isa = PBXBuildFile; fileRef = 6AC8E7FEB1CCBA63F288B977 /* TimelineLayoutTests.swift */; };
		696AD46F8F4672A259549CD4 /* NaturalLanguageParserTests.swift in Sources */ = {isa = PBXBuildFile; fileRef = DBFA4D6377AB3CB5E0CB0EC9 /* NaturalLanguageParserTests.swift */; };
		71E98F985B9580BBB46A94D0 /* SettingsView.swift in Sources */ = {isa = PBXBuildFile; fileRef = 0ABCCA99066E21571EF867D4 /* SettingsView.swift */; };
		73F86E6007E977605F0CA737 /* SyncStore.swift in Sources */ = {isa = PBXBuildFile; fileRef = E3940CD3E95826F5A651879D /* SyncStore.swift */; };
		77A6427430AEAC2A3FB28353 /* Theme.swift in Sources */ = {isa = PBXBuildFile; fileRef = 4916AAFA9EC46946A59261E6 /* Theme.swift */; };
		77ACA9C48520DE0D058E4A6C /* TodoistModels.swift in Sources */ = {isa = PBXBuildFile; fileRef = 887748CFA6996C3BD95183F8 /* TodoistModels.swift */; };
		802A916E2BF71D28F724AD7B /* TimelineLayout.swift in Sources */ = {isa = PBXBuildFile; fileRef = B8713A3F6F52844F15957B3D /* TimelineLayout.swift */; };
		823E2CE4F53D6062D231606F /* MonthView.swift in Sources */ = {isa = PBXBuildFile; fileRef = AB47A95C3F28919586870045 /* MonthView.swift */; };
		8C29D4F62AD4D586CBCBD769 /* CalendarSource.swift in Sources */ = {isa = PBXBuildFile; fileRef = A1BF8ADBF55565A6E629E0CF /* CalendarSource.swift */; };
		8D3EB87C6D0E0F5881463587 /* TodoistCredentials.swift in Sources */ = {isa = PBXBuildFile; fileRef = 2F292D36BD56C9A8CC1CAF56 /* TodoistCredentials.swift */; };
		92AF809D3472DDF0B01C8D4A /* RecurrenceSpec.swift in Sources */ = {isa = PBXBuildFile; fileRef = 921AB57CCCA71FCADC7551D7 /* RecurrenceSpec.swift */; };
		AF62B42513A46B772C18723C /* ColorHex.swift in Sources */ = {isa = PBXBuildFile; fileRef = 52ED62392925197E60FE5B60 /* ColorHex.swift */; };
		B6D17C272B958E9B9B633C79 /* NaturalLanguageParser.swift in Sources */ = {isa = PBXBuildFile; fileRef = A2453BE6222684C268022E77 /* NaturalLanguageParser.swift */; };
		C1856A9D1238B466DDCECF6F /* TaskProjectionTests.swift in Sources */ = {isa = PBXBuildFile; fileRef = C0A4E468E5073FDD791F5AB5 /* TaskProjectionTests.swift */; };
		C2F4560ABB1E487E81966ED4 /* CalendarSidebar.swift in Sources */ = {isa = PBXBuildFile; fileRef = F5D12C48AE8049B1A550A36B /* CalendarSidebar.swift */; };
		CAFE9D7B00B501E0E0C3DC38 /* TextCanvas.swift in Sources */ = {isa = PBXBuildFile; fileRef = DAEF7091DD1EA8F71DAE1C32 /* TextCanvas.swift */; };
		DD37AA733707002879A87B16 /* TimelineViews.swift in Sources */ = {isa = PBXBuildFile; fileRef = 49448E6AE5115899A0C1D32E /* TimelineViews.swift */; };
		EC0D4DC096D341AE65C5FC71 /* SampleData.swift in Sources */ = {isa = PBXBuildFile; fileRef = 4CB5052D7A8C50850CC271B1 /* SampleData.swift */; };
		F20BF4FBE1313BD652223AE0 /* AgendaListView.swift in Sources */ = {isa = PBXBuildFile; fileRef = 2FE7B0701B85A7E6F61E68D2 /* AgendaListView.swift */; };
		FA4017AE39F8BEDF79FAEE99 /* TaskProjection.swift in Sources */ = {isa = PBXBuildFile; fileRef = 67960781D126197200B80B7B /* TaskProjection.swift */; };
		FDB1CE91A1E6439DA2ED5364 /* ItemViews.swift in Sources */ = {isa = PBXBuildFile; fileRef = 117D3AAF00BCBBEFAA31F1A2 /* ItemViews.swift */; };
/* End PBXBuildFile section */

/* Begin PBXContainerItemProxy section */
		690B1C47F49DC7098F27DBE4 /* PBXContainerItemProxy */ = {
			isa = PBXContainerItemProxy;
			containerPortal = 9FA114BF81E88A4D01B65D31 /* Project object */;
			proxyType = 1;
			remoteGlobalIDString = 1D9D0CF3C214130166213D80;
			remoteInfo = Cadence;
		};
/* End PBXContainerItemProxy section */

/* Begin PBXFileReference section */
		0ABCCA99066E21571EF867D4 /* SettingsView.swift */ = {isa = PBXFileReference; lastKnownFileType = sourcecode.swift; path = SettingsView.swift; sourceTree = "<group>"; };
		117D3AAF00BCBBEFAA31F1A2 /* ItemViews.swift */ = {isa = PBXFileReference; lastKnownFileType = sourcecode.swift; path = ItemViews.swift; sourceTree = "<group>"; };
		19CB935B3EE3B1AC90C0B613 /* TodoistClient.swift */ = {isa = PBXFileReference; lastKnownFileType = sourcecode.swift; path = TodoistClient.swift; sourceTree = "<group>"; };
		2747B5C0BD75EFECA1D2569B /* Cadence.app */ = {isa = PBXFileReference; includeInIndex = 0; lastKnownFileType = wrapper.application; path = Cadence.app; sourceTree = BUILT_PRODUCTS_DIR; };
		2B02B767B601F9BBB8ABF4AB /* Info.plist */ = {isa = PBXFileReference; lastKnownFileType = text.plist; path = Info.plist; sourceTree = "<group>"; };
		2F292D36BD56C9A8CC1CAF56 /* TodoistCredentials.swift */ = {isa = PBXFileReference; lastKnownFileType = sourcecode.swift; path = TodoistCredentials.swift; sourceTree = "<group>"; };
		2FE7B0701B85A7E6F61E68D2 /* AgendaListView.swift */ = {isa = PBXFileReference; lastKnownFileType = sourcecode.swift; path = AgendaListView.swift; sourceTree = "<group>"; };
		31D3728902B09B37567B5B1C /* RootView.swift */ = {isa = PBXFileReference; lastKnownFileType = sourcecode.swift; path = RootView.swift; sourceTree = "<group>"; };
		4916AAFA9EC46946A59261E6 /* Theme.swift */ = {isa = PBXFileReference; lastKnownFileType = sourcecode.swift; path = Theme.swift; sourceTree = "<group>"; };
		49448E6AE5115899A0C1D32E /* TimelineViews.swift */ = {isa = PBXFileReference; lastKnownFileType = sourcecode.swift; path = TimelineViews.swift; sourceTree = "<group>"; };
		49B1DD41286D56922F11DA27 /* Cadence-iOS.entitlements */ = {isa = PBXFileReference; lastKnownFileType = text.plist.entitlements; path = "Cadence-iOS.entitlements"; sourceTree = "<group>"; };
		49E9B313BA17909201E39200 /* ParsedInput.swift */ = {isa = PBXFileReference; lastKnownFileType = sourcecode.swift; path = ParsedInput.swift; sourceTree = "<group>"; };
		4B122FE25D29890B0BC1465D /* QuickAddView.swift */ = {isa = PBXFileReference; lastKnownFileType = sourcecode.swift; path = QuickAddView.swift; sourceTree = "<group>"; };
		4CB5052D7A8C50850CC271B1 /* SampleData.swift */ = {isa = PBXFileReference; lastKnownFileType = sourcecode.swift; path = SampleData.swift; sourceTree = "<group>"; };
		52ED62392925197E60FE5B60 /* ColorHex.swift */ = {isa = PBXFileReference; lastKnownFileType = sourcecode.swift; path = ColorHex.swift; sourceTree = "<group>"; };
		53DC5566E2688823A894040D /* CadenceTests.xctest */ = {isa = PBXFileReference; includeInIndex = 0; lastKnownFileType = wrapper.cfbundle; path = CadenceTests.xctest; sourceTree = BUILT_PRODUCTS_DIR; };
		67960781D126197200B80B7B /* TaskProjection.swift */ = {isa = PBXFileReference; lastKnownFileType = sourcecode.swift; path = TaskProjection.swift; sourceTree = "<group>"; };
		6AC8E7FEB1CCBA63F288B977 /* TimelineLayoutTests.swift */ = {isa = PBXFileReference; lastKnownFileType = sourcecode.swift; path = TimelineLayoutTests.swift; sourceTree = "<group>"; };
		84BAA74864E494C5E664E268 /* AppModel.swift */ = {isa = PBXFileReference; lastKnownFileType = sourcecode.swift; path = AppModel.swift; sourceTree = "<group>"; };
		887748CFA6996C3BD95183F8 /* TodoistModels.swift */ = {isa = PBXFileReference; lastKnownFileType = sourcecode.swift; path = TodoistModels.swift; sourceTree = "<group>"; };
		921AB57CCCA71FCADC7551D7 /* RecurrenceSpec.swift */ = {isa = PBXFileReference; lastKnownFileType = sourcecode.swift; path = RecurrenceSpec.swift; sourceTree = "<group>"; };
		A1BF8ADBF55565A6E629E0CF /* CalendarSource.swift */ = {isa = PBXFileReference; lastKnownFileType = sourcecode.swift; path = CalendarSource.swift; sourceTree = "<group>"; };
		A2453BE6222684C268022E77 /* NaturalLanguageParser.swift */ = {isa = PBXFileReference; lastKnownFileType = sourcecode.swift; path = NaturalLanguageParser.swift; sourceTree = "<group>"; };
		A749C288E5597F383050F5CC /* Assets.xcassets */ = {isa = PBXFileReference; lastKnownFileType = folder.assetcatalog; path = Assets.xcassets; sourceTree = "<group>"; };
		AB47A95C3F28919586870045 /* MonthView.swift */ = {isa = PBXFileReference; lastKnownFileType = sourcecode.swift; path = MonthView.swift; sourceTree = "<group>"; };
		B5EE1B84A25DB13CD9394D56 /* AlertScheduler.swift */ = {isa = PBXFileReference; lastKnownFileType = sourcecode.swift; path = AlertScheduler.swift; sourceTree = "<group>"; };
		B8713A3F6F52844F15957B3D /* TimelineLayout.swift */ = {isa = PBXFileReference; lastKnownFileType = sourcecode.swift; path = TimelineLayout.swift; sourceTree = "<group>"; };
		BA32860CA21E1CB22E44A3D5 /* EventStoreService.swift */ = {isa = PBXFileReference; lastKnownFileType = sourcecode.swift; path = EventStoreService.swift; sourceTree = "<group>"; };
		BB9E460F708330CF2C76EC9A /* EventDetailView.swift */ = {isa = PBXFileReference; lastKnownFileType = sourcecode.swift; path = EventDetailView.swift; sourceTree = "<group>"; };
		BD37C226A55860AA0B4913B1 /* CalendarItem.swift */ = {isa = PBXFileReference; lastKnownFileType = sourcecode.swift; path = CalendarItem.swift; sourceTree = "<group>"; };
		C0A4E468E5073FDD791F5AB5 /* TaskProjectionTests.swift */ = {isa = PBXFileReference; lastKnownFileType = sourcecode.swift; path = TaskProjectionTests.swift; sourceTree = "<group>"; };
		C4C428AAF9AD84EE401A831D /* AppPreferences.swift */ = {isa = PBXFileReference; lastKnownFileType = sourcecode.swift; path = AppPreferences.swift; sourceTree = "<group>"; };
		CCD2468FAE7A89F2B18DEDAF /* CadenceApp.swift */ = {isa = PBXFileReference; lastKnownFileType = sourcecode.swift; path = CadenceApp.swift; sourceTree = "<group>"; };
		D31A32D561BB40EFC4C0F3C1 /* Cadence-macOS.entitlements */ = {isa = PBXFileReference; lastKnownFileType = text.plist.entitlements; path = "Cadence-macOS.entitlements"; sourceTree = "<group>"; };
		DAEF7091DD1EA8F71DAE1C32 /* TextCanvas.swift */ = {isa = PBXFileReference; lastKnownFileType = sourcecode.swift; path = TextCanvas.swift; sourceTree = "<group>"; };
		DBFA4D6377AB3CB5E0CB0EC9 /* NaturalLanguageParserTests.swift */ = {isa = PBXFileReference; lastKnownFileType = sourcecode.swift; path = NaturalLanguageParserTests.swift; sourceTree = "<group>"; };
		E3940CD3E95826F5A651879D /* SyncStore.swift */ = {isa = PBXFileReference; lastKnownFileType = sourcecode.swift; path = SyncStore.swift; sourceTree = "<group>"; };
		F5D12C48AE8049B1A550A36B /* CalendarSidebar.swift */ = {isa = PBXFileReference; lastKnownFileType = sourcecode.swift; path = CalendarSidebar.swift; sourceTree = "<group>"; };
		FA7BF0E38E79CAE286CB3193 /* TodoistStore.swift */ = {isa = PBXFileReference; lastKnownFileType = sourcecode.swift; path = TodoistStore.swift; sourceTree = "<group>"; };
/* End PBXFileReference section */

/* Begin PBXGroup section */
		2379A2C666E27F401370BF38 /* Sync */ = {
			isa = PBXGroup;
			children = (
				C4C428AAF9AD84EE401A831D /* AppPreferences.swift */,
				E3940CD3E95826F5A651879D /* SyncStore.swift */,
			);
			path = Sync;
			sourceTree = "<group>";
		};
		38B24BCD87A691142ADF0E94 /* Model */ = {
			isa = PBXGroup;
			children = (
				BD37C226A55860AA0B4913B1 /* CalendarItem.swift */,
				921AB57CCCA71FCADC7551D7 /* RecurrenceSpec.swift */,
				B8713A3F6F52844F15957B3D /* TimelineLayout.swift */,
			);
			path = Model;
			sourceTree = "<group>";
		};
		474DB1E3FA7ECC764925DA48 /* CadenceTests */ = {
			isa = PBXGroup;
			children = (
				DBFA4D6377AB3CB5E0CB0EC9 /* NaturalLanguageParserTests.swift */,
				C0A4E468E5073FDD791F5AB5 /* TaskProjectionTests.swift */,
				6AC8E7FEB1CCBA63F288B977 /* TimelineLayoutTests.swift */,
			);
			path = CadenceTests;
			sourceTree = "<group>";
		};
		4DA31A4F226C39E478BF0145 /* Notifications */ = {
			isa = PBXGroup;
			children = (
				B5EE1B84A25DB13CD9394D56 /* AlertScheduler.swift */,
			);
			path = Notifications;
			sourceTree = "<group>";
		};
		5215921384082B07E0E7E49D /* Calendar */ = {
			isa = PBXGroup;
			children = (
				A1BF8ADBF55565A6E629E0CF /* CalendarSource.swift */,
				BA32860CA21E1CB22E44A3D5 /* EventStoreService.swift */,
			);
			path = Calendar;
			sourceTree = "<group>";
		};
		6A9F1C3B6267176F20AE4B03 = {
			isa = PBXGroup;
			children = (
				FD48710B608BE6A57DA448D7 /* Cadence */,
				474DB1E3FA7ECC764925DA48 /* CadenceTests */,
				ADFE63F9A7B11522B6C8E81A /* Products */,
			);
			sourceTree = "<group>";
		};
		78D2D1E4520BA69AC30BB1CB /* App */ = {
			isa = PBXGroup;
			children = (
				84BAA74864E494C5E664E268 /* AppModel.swift */,
				CCD2468FAE7A89F2B18DEDAF /* CadenceApp.swift */,
				4CB5052D7A8C50850CC271B1 /* SampleData.swift */,
			);
			path = App;
			sourceTree = "<group>";
		};
		9A80CD36CF04FA1CA9670A78 /* Todoist */ = {
			isa = PBXGroup;
			children = (
				67960781D126197200B80B7B /* TaskProjection.swift */,
				19CB935B3EE3B1AC90C0B613 /* TodoistClient.swift */,
				2F292D36BD56C9A8CC1CAF56 /* TodoistCredentials.swift */,
				887748CFA6996C3BD95183F8 /* TodoistModels.swift */,
				FA7BF0E38E79CAE286CB3193 /* TodoistStore.swift */,
			);
			path = Todoist;
			sourceTree = "<group>";
		};
		ADFE63F9A7B11522B6C8E81A /* Products */ = {
			isa = PBXGroup;
			children = (
				2747B5C0BD75EFECA1D2569B /* Cadence.app */,
				53DC5566E2688823A894040D /* CadenceTests.xctest */,
			);
			name = Products;
			sourceTree = "<group>";
		};
		B503AFF52A56DB4D78ECDCD4 /* Resources */ = {
			isa = PBXGroup;
			children = (
				A749C288E5597F383050F5CC /* Assets.xcassets */,
				49B1DD41286D56922F11DA27 /* Cadence-iOS.entitlements */,
				D31A32D561BB40EFC4C0F3C1 /* Cadence-macOS.entitlements */,
				2B02B767B601F9BBB8ABF4AB /* Info.plist */,
			);
			path = Resources;
			sourceTree = "<group>";
		};
		BAC278234BCC8FE797941847 /* Design */ = {
			isa = PBXGroup;
			children = (
				52ED62392925197E60FE5B60 /* ColorHex.swift */,
				4916AAFA9EC46946A59261E6 /* Theme.swift */,
			);
			path = Design;
			sourceTree = "<group>";
		};
		C37C0191DAE1A99930DB8D9A /* Views */ = {
			isa = PBXGroup;
			children = (
				2FE7B0701B85A7E6F61E68D2 /* AgendaListView.swift */,
				F5D12C48AE8049B1A550A36B /* CalendarSidebar.swift */,
				BB9E460F708330CF2C76EC9A /* EventDetailView.swift */,
				117D3AAF00BCBBEFAA31F1A2 /* ItemViews.swift */,
				AB47A95C3F28919586870045 /* MonthView.swift */,
				4B122FE25D29890B0BC1465D /* QuickAddView.swift */,
				31D3728902B09B37567B5B1C /* RootView.swift */,
				0ABCCA99066E21571EF867D4 /* SettingsView.swift */,
				49448E6AE5115899A0C1D32E /* TimelineViews.swift */,
			);
			path = Views;
			sourceTree = "<group>";
		};
		F09DF05B077E7DC9446CD906 /* NaturalLanguage */ = {
			isa = PBXGroup;
			children = (
				A2453BE6222684C268022E77 /* NaturalLanguageParser.swift */,
				49E9B313BA17909201E39200 /* ParsedInput.swift */,
				DAEF7091DD1EA8F71DAE1C32 /* TextCanvas.swift */,
			);
			path = NaturalLanguage;
			sourceTree = "<group>";
		};
		FD48710B608BE6A57DA448D7 /* Cadence */ = {
			isa = PBXGroup;
			children = (
				78D2D1E4520BA69AC30BB1CB /* App */,
				5215921384082B07E0E7E49D /* Calendar */,
				BAC278234BCC8FE797941847 /* Design */,
				38B24BCD87A691142ADF0E94 /* Model */,
				F09DF05B077E7DC9446CD906 /* NaturalLanguage */,
				4DA31A4F226C39E478BF0145 /* Notifications */,
				B503AFF52A56DB4D78ECDCD4 /* Resources */,
				2379A2C666E27F401370BF38 /* Sync */,
				9A80CD36CF04FA1CA9670A78 /* Todoist */,
				C37C0191DAE1A99930DB8D9A /* Views */,
			);
			path = Cadence;
			sourceTree = "<group>";
		};
/* End PBXGroup section */

/* Begin PBXNativeTarget section */
		1D9D0CF3C214130166213D80 /* Cadence */ = {
			isa = PBXNativeTarget;
			buildConfigurationList = 07126B28B5B904C139BBD128 /* Build configuration list for PBXNativeTarget "Cadence" */;
			buildPhases = (
				1F5350DE3B53E65CAAF89D1D /* Sources */,
				BFA5A0EE784FE6F59E5E0293 /* Resources */,
			);
			buildRules = (
			);
			dependencies = (
			);
			name = Cadence;
			packageProductDependencies = (
			);
			productName = Cadence;
			productReference = 2747B5C0BD75EFECA1D2569B /* Cadence.app */;
			productType = "com.apple.product-type.application";
		};
		3C958ED18FAE60638046C026 /* CadenceTests */ = {
			isa = PBXNativeTarget;
			buildConfigurationList = 66B1F7C89C12897815378340 /* Build configuration list for PBXNativeTarget "CadenceTests" */;
			buildPhases = (
				94943CCF8CDAF6F711DB61FA /* Sources */,
			);
			buildRules = (
			);
			dependencies = (
				EFC1C557A6F407EF2ED1660D /* PBXTargetDependency */,
			);
			name = CadenceTests;
			packageProductDependencies = (
			);
			productName = CadenceTests;
			productReference = 53DC5566E2688823A894040D /* CadenceTests.xctest */;
			productType = "com.apple.product-type.bundle.unit-test";
		};
/* End PBXNativeTarget section */

/* Begin PBXProject section */
		9FA114BF81E88A4D01B65D31 /* Project object */ = {
			isa = PBXProject;
			attributes = {
				BuildIndependentTargetsInParallel = YES;
				LastUpgradeCheck = 1430;
				TargetAttributes = {
					1D9D0CF3C214130166213D80 = {
						DevelopmentTeam = "${DEVELOPMENT_TEAM}";
					};
					3C958ED18FAE60638046C026 = {
						DevelopmentTeam = "${DEVELOPMENT_TEAM}";
					};
				};
			};
			buildConfigurationList = 6735F591880E2DF1BC393107 /* Build configuration list for PBXProject "Cadence" */;
			developmentRegion = en;
			hasScannedForEncodings = 0;
			knownRegions = (
				Base,
				en,
			);
			mainGroup = 6A9F1C3B6267176F20AE4B03;
			minimizedProjectReferenceProxies = 1;
			preferredProjectObjectVersion = 77;
			productRefGroup = ADFE63F9A7B11522B6C8E81A /* Products */;
			projectDirPath = "";
			projectRoot = "";
			targets = (
				1D9D0CF3C214130166213D80 /* Cadence */,
				3C958ED18FAE60638046C026 /* CadenceTests */,
			);
		};
/* End PBXProject section */

/* Begin PBXResourcesBuildPhase section */
		BFA5A0EE784FE6F59E5E0293 /* Resources */ = {
			isa = PBXResourcesBuildPhase;
			buildActionMask = 2147483647;
			files = (
				2F4FBDE851D54B016CEF3F69 /* Assets.xcassets in Resources */,
			);
			runOnlyForDeploymentPostprocessing = 0;
		};
/* End PBXResourcesBuildPhase section */

/* Begin PBXSourcesBuildPhase section */
		1F5350DE3B53E65CAAF89D1D /* Sources */ = {
			isa = PBXSourcesBuildPhase;
			buildActionMask = 2147483647;
			files = (
				F20BF4FBE1313BD652223AE0 /* AgendaListView.swift in Sources */,
				4F622ED5721DDB0838FF7A67 /* AlertScheduler.swift in Sources */,
				374F72155EFC90A04DFF1321 /* AppModel.swift in Sources */,
				3C5238C0B4DFFD8A9926FB3D /* AppPreferences.swift in Sources */,
				43A6653D967FC59ABC91624E /* CadenceApp.swift in Sources */,
				2344B66BA4DAA8A8CF0C053A /* CalendarItem.swift in Sources */,
				C2F4560ABB1E487E81966ED4 /* CalendarSidebar.swift in Sources */,
				8C29D4F62AD4D586CBCBD769 /* CalendarSource.swift in Sources */,
				AF62B42513A46B772C18723C /* ColorHex.swift in Sources */,
				06663933B1C9394720900BA0 /* EventDetailView.swift in Sources */,
				30FDDE4F6E027B8EEDE52F04 /* EventStoreService.swift in Sources */,
				FDB1CE91A1E6439DA2ED5364 /* ItemViews.swift in Sources */,
				823E2CE4F53D6062D231606F /* MonthView.swift in Sources */,
				B6D17C272B958E9B9B633C79 /* NaturalLanguageParser.swift in Sources */,
				354326C18C32DBE2B917532A /* ParsedInput.swift in Sources */,
				264F35EE5211E4531329FA4F /* QuickAddView.swift in Sources */,
				92AF809D3472DDF0B01C8D4A /* RecurrenceSpec.swift in Sources */,
				1E86DE4CDF27CD263D788873 /* RootView.swift in Sources */,
				EC0D4DC096D341AE65C5FC71 /* SampleData.swift in Sources */,
				71E98F985B9580BBB46A94D0 /* SettingsView.swift in Sources */,
				73F86E6007E977605F0CA737 /* SyncStore.swift in Sources */,
				FA4017AE39F8BEDF79FAEE99 /* TaskProjection.swift in Sources */,
				CAFE9D7B00B501E0E0C3DC38 /* TextCanvas.swift in Sources */,
				77A6427430AEAC2A3FB28353 /* Theme.swift in Sources */,
				802A916E2BF71D28F724AD7B /* TimelineLayout.swift in Sources */,
				DD37AA733707002879A87B16 /* TimelineViews.swift in Sources */,
				10BD5017CEB940A63435D40D /* TodoistClient.swift in Sources */,
				8D3EB87C6D0E0F5881463587 /* TodoistCredentials.swift in Sources */,
				77ACA9C48520DE0D058E4A6C /* TodoistModels.swift in Sources */,
				45F4DC0F7F00766FB3A325ED /* TodoistStore.swift in Sources */,
			);
			runOnlyForDeploymentPostprocessing = 0;
		};
		94943CCF8CDAF6F711DB61FA /* Sources */ = {
			isa = PBXSourcesBuildPhase;
			buildActionMask = 2147483647;
			files = (
				696AD46F8F4672A259549CD4 /* NaturalLanguageParserTests.swift in Sources */,
				C1856A9D1238B466DDCECF6F /* TaskProjectionTests.swift in Sources */,
				6246CC637126A708B5EC4170 /* TimelineLayoutTests.swift in Sources */,
			);
			runOnlyForDeploymentPostprocessing = 0;
		};
/* End PBXSourcesBuildPhase section */

/* Begin PBXTargetDependency section */
		EFC1C557A6F407EF2ED1660D /* PBXTargetDependency */ = {
			isa = PBXTargetDependency;
			target = 1D9D0CF3C214130166213D80 /* Cadence */;
			targetProxy = 690B1C47F49DC7098F27DBE4 /* PBXContainerItemProxy */;
		};
/* End PBXTargetDependency section */

/* Begin XCBuildConfiguration section */
		0AC6D37A18265C6868E862C8 /* Debug */ = {
			isa = XCBuildConfiguration;
			buildSettings = {
				ASSETCATALOG_COMPILER_APPICON_NAME = AppIcon;
				ASSETCATALOG_COMPILER_GLOBAL_ACCENT_COLOR_NAME = AccentColor;
				"CODE_SIGN_ENTITLEMENTS[sdk=iphone*]" = "Cadence/Resources/Cadence-iOS.entitlements";
				"CODE_SIGN_ENTITLEMENTS[sdk=macosx*]" = "Cadence/Resources/Cadence-macOS.entitlements";
				CODE_SIGN_IDENTITY = "iPhone Developer";
				ENABLE_HARDENED_RUNTIME = YES;
				ENABLE_PREVIEWS = YES;
				GENERATE_INFOPLIST_FILE = NO;
				INFOPLIST_FILE = Cadence/Resources/Info.plist;
				LD_RUNPATH_SEARCH_PATHS = (
					"$(inherited)",
					"@executable_path/Frameworks",
				);
				PRODUCT_BUNDLE_IDENTIFIER = com.salemseats.cadence;
				PRODUCT_NAME = Cadence;
				SDKROOT = auto;
				SUPPORTED_PLATFORMS = "iphoneos iphonesimulator macosx";
				SUPPORTS_MACCATALYST = NO;
				SUPPORTS_MAC_DESIGNED_FOR_IPHONE_IPAD = NO;
				SUPPORTS_XR_DESIGNED_FOR_IPHONE_IPAD = YES;
				SWIFT_ACTIVE_COMPILATION_CONDITIONS = DEBUG;
				SWIFT_EMIT_LOC_STRINGS = YES;
				TARGETED_DEVICE_FAMILY = "1,2";
			};
			name = Debug;
		};
		66FA57B5F57FFDBD1C1E8963 /* Release */ = {
			isa = XCBuildConfiguration;
			buildSettings = {
				ASSETCATALOG_COMPILER_APPICON_NAME = AppIcon;
				ASSETCATALOG_COMPILER_GLOBAL_ACCENT_COLOR_NAME = AccentColor;
				"CODE_SIGN_ENTITLEMENTS[sdk=iphone*]" = "Cadence/Resources/Cadence-iOS.entitlements";
				"CODE_SIGN_ENTITLEMENTS[sdk=macosx*]" = "Cadence/Resources/Cadence-macOS.entitlements";
				CODE_SIGN_IDENTITY = "iPhone Developer";
				ENABLE_HARDENED_RUNTIME = YES;
				ENABLE_PREVIEWS = YES;
				GENERATE_INFOPLIST_FILE = NO;
				INFOPLIST_FILE = Cadence/Resources/Info.plist;
				LD_RUNPATH_SEARCH_PATHS = (
					"$(inherited)",
					"@executable_path/Frameworks",
				);
				PRODUCT_BUNDLE_IDENTIFIER = com.salemseats.cadence;
				PRODUCT_NAME = Cadence;
				SDKROOT = auto;
				SUPPORTED_PLATFORMS = "iphoneos iphonesimulator macosx";
				SUPPORTS_MACCATALYST = NO;
				SUPPORTS_MAC_DESIGNED_FOR_IPHONE_IPAD = NO;
				SUPPORTS_XR_DESIGNED_FOR_IPHONE_IPAD = YES;
				SWIFT_EMIT_LOC_STRINGS = YES;
				TARGETED_DEVICE_FAMILY = "1,2";
			};
			name = Release;
		};
		9DBE9E0079A7DB194A03BF0C /* Release */ = {
			isa = XCBuildConfiguration;
			buildSettings = {
				ALWAYS_SEARCH_USER_PATHS = NO;
				CLANG_ANALYZER_NONNULL = YES;
				CLANG_ANALYZER_NUMBER_OBJECT_CONVERSION = YES_AGGRESSIVE;
				CLANG_CXX_LANGUAGE_STANDARD = "gnu++14";
				CLANG_CXX_LIBRARY = "libc++";
				CLANG_ENABLE_MODULES = YES;
				CLANG_ENABLE_OBJC_ARC = YES;
				CLANG_ENABLE_OBJC_WEAK = YES;
				CLANG_WARN_BLOCK_CAPTURE_AUTORELEASING = YES;
				CLANG_WARN_BOOL_CONVERSION = YES;
				CLANG_WARN_COMMA = YES;
				CLANG_WARN_CONSTANT_CONVERSION = YES;
				CLANG_WARN_DEPRECATED_OBJC_IMPLEMENTATIONS = YES;
				CLANG_WARN_DIRECT_OBJC_ISA_USAGE = YES_ERROR;
				CLANG_WARN_DOCUMENTATION_COMMENTS = YES;
				CLANG_WARN_EMPTY_BODY = YES;
				CLANG_WARN_ENUM_CONVERSION = YES;
				CLANG_WARN_INFINITE_RECURSION = YES;
				CLANG_WARN_INT_CONVERSION = YES;
				CLANG_WARN_NON_LITERAL_NULL_CONVERSION = YES;
				CLANG_WARN_OBJC_IMPLICIT_RETAIN_SELF = YES;
				CLANG_WARN_OBJC_LITERAL_CONVERSION = YES;
				CLANG_WARN_OBJC_ROOT_CLASS = YES_ERROR;
				CLANG_WARN_QUOTED_INCLUDE_IN_FRAMEWORK_HEADER = YES;
				CLANG_WARN_RANGE_LOOP_ANALYSIS = YES;
				CLANG_WARN_STRICT_PROTOTYPES = YES;
				CLANG_WARN_SUSPICIOUS_MOVE = YES;
				CLANG_WARN_UNGUARDED_AVAILABILITY = YES_AGGRESSIVE;
				CLANG_WARN_UNREACHABLE_CODE = YES;
				CLANG_WARN__DUPLICATE_METHOD_MATCH = YES;
				COPY_PHASE_STRIP = NO;
				CURRENT_PROJECT_VERSION = 1;
				DEBUG_INFORMATION_FORMAT = "dwarf-with-dsym";
				DEVELOPMENT_TEAM = "${DEVELOPMENT_TEAM}";
				ENABLE_NS_ASSERTIONS = NO;
				ENABLE_STRICT_OBJC_MSGSEND = YES;
				ENABLE_USER_SCRIPT_SANDBOXING = YES;
				GCC_C_LANGUAGE_STANDARD = gnu11;
				GCC_NO_COMMON_BLOCKS = YES;
				GCC_WARN_64_TO_32_BIT_CONVERSION = YES;
				GCC_WARN_ABOUT_RETURN_TYPE = YES_ERROR;
				GCC_WARN_UNDECLARED_SELECTOR = YES;
				GCC_WARN_UNINITIALIZED_AUTOS = YES_AGGRESSIVE;
				GCC_WARN_UNUSED_FUNCTION = YES;
				GCC_WARN_UNUSED_VARIABLE = YES;
				IPHONEOS_DEPLOYMENT_TARGET = 17.0;
				MACOSX_DEPLOYMENT_TARGET = 14.0;
				MARKETING_VERSION = 0.1.0;
				MTL_ENABLE_DEBUG_INFO = NO;
				MTL_FAST_MATH = YES;
				PRODUCT_NAME = "$(TARGET_NAME)";
				SDKROOT = auto;
				SWIFT_COMPILATION_MODE = wholemodule;
				SWIFT_OPTIMIZATION_LEVEL = "-O";
				SWIFT_STRICT_CONCURRENCY = minimal;
				SWIFT_VERSION = 5.9;
			};
			name = Release;
		};
		A689E1BC11344A42CCA247B3 /* Debug */ = {
			isa = XCBuildConfiguration;
			buildSettings = {
				BUNDLE_LOADER = "$(TEST_HOST)";
				GENERATE_INFOPLIST_FILE = YES;
				LD_RUNPATH_SEARCH_PATHS = (
					"$(inherited)",
					"@executable_path/Frameworks",
					"@loader_path/Frameworks",
				);
				PRODUCT_BUNDLE_IDENTIFIER = com.salemseats.cadence.tests;
				SDKROOT = auto;
				SUPPORTED_PLATFORMS = "iphoneos iphonesimulator macosx";
				SUPPORTS_MACCATALYST = NO;
				SUPPORTS_MAC_DESIGNED_FOR_IPHONE_IPAD = NO;
				SUPPORTS_XR_DESIGNED_FOR_IPHONE_IPAD = YES;
				TARGETED_DEVICE_FAMILY = "1,2";
				TEST_HOST = "$(BUILT_PRODUCTS_DIR)/Cadence.app/Cadence";
				"TEST_HOST[sdk=macosx*]" = "$(BUILT_PRODUCTS_DIR)/Cadence.app/Contents/MacOS/Cadence";
			};
			name = Debug;
		};
		C78721ED836CA881972A504D /* Debug */ = {
			isa = XCBuildConfiguration;
			buildSettings = {
				ALWAYS_SEARCH_USER_PATHS = NO;
				CLANG_ANALYZER_NONNULL = YES;
				CLANG_ANALYZER_NUMBER_OBJECT_CONVERSION = YES_AGGRESSIVE;
				CLANG_CXX_LANGUAGE_STANDARD = "gnu++14";
				CLANG_CXX_LIBRARY = "libc++";
				CLANG_ENABLE_MODULES = YES;
				CLANG_ENABLE_OBJC_ARC = YES;
				CLANG_ENABLE_OBJC_WEAK = YES;
				CLANG_WARN_BLOCK_CAPTURE_AUTORELEASING = YES;
				CLANG_WARN_BOOL_CONVERSION = YES;
				CLANG_WARN_COMMA = YES;
				CLANG_WARN_CONSTANT_CONVERSION = YES;
				CLANG_WARN_DEPRECATED_OBJC_IMPLEMENTATIONS = YES;
				CLANG_WARN_DIRECT_OBJC_ISA_USAGE = YES_ERROR;
				CLANG_WARN_DOCUMENTATION_COMMENTS = YES;
				CLANG_WARN_EMPTY_BODY = YES;
				CLANG_WARN_ENUM_CONVERSION = YES;
				CLANG_WARN_INFINITE_RECURSION = YES;
				CLANG_WARN_INT_CONVERSION = YES;
				CLANG_WARN_NON_LITERAL_NULL_CONVERSION = YES;
				CLANG_WARN_OBJC_IMPLICIT_RETAIN_SELF = YES;
				CLANG_WARN_OBJC_LITERAL_CONVERSION = YES;
				CLANG_WARN_OBJC_ROOT_CLASS = YES_ERROR;
				CLANG_WARN_QUOTED_INCLUDE_IN_FRAMEWORK_HEADER = YES;
				CLANG_WARN_RANGE_LOOP_ANALYSIS = YES;
				CLANG_WARN_STRICT_PROTOTYPES = YES;
				CLANG_WARN_SUSPICIOUS_MOVE = YES;
				CLANG_WARN_UNGUARDED_AVAILABILITY = YES_AGGRESSIVE;
				CLANG_WARN_UNREACHABLE_CODE = YES;
				CLANG_WARN__DUPLICATE_METHOD_MATCH = YES;
				COPY_PHASE_STRIP = NO;
				CURRENT_PROJECT_VERSION = 1;
				DEBUG_INFORMATION_FORMAT = dwarf;
				DEVELOPMENT_TEAM = "${DEVELOPMENT_TEAM}";
				ENABLE_STRICT_OBJC_MSGSEND = YES;
				ENABLE_TESTABILITY = YES;
				ENABLE_USER_SCRIPT_SANDBOXING = YES;
				GCC_C_LANGUAGE_STANDARD = gnu11;
				GCC_DYNAMIC_NO_PIC = NO;
				GCC_NO_COMMON_BLOCKS = YES;
				GCC_OPTIMIZATION_LEVEL = 0;
				GCC_PREPROCESSOR_DEFINITIONS = (
					"$(inherited)",
					"DEBUG=1",
				);
				GCC_WARN_64_TO_32_BIT_CONVERSION = YES;
				GCC_WARN_ABOUT_RETURN_TYPE = YES_ERROR;
				GCC_WARN_UNDECLARED_SELECTOR = YES;
				GCC_WARN_UNINITIALIZED_AUTOS = YES_AGGRESSIVE;
				GCC_WARN_UNUSED_FUNCTION = YES;
				GCC_WARN_UNUSED_VARIABLE = YES;
				IPHONEOS_DEPLOYMENT_TARGET = 17.0;
				MACOSX_DEPLOYMENT_TARGET = 14.0;
				MARKETING_VERSION = 0.1.0;
				MTL_ENABLE_DEBUG_INFO = INCLUDE_SOURCE;
				MTL_FAST_MATH = YES;
				ONLY_ACTIVE_ARCH = YES;
				PRODUCT_NAME = "$(TARGET_NAME)";
				SDKROOT = auto;
				SWIFT_ACTIVE_COMPILATION_CONDITIONS = DEBUG;
				SWIFT_OPTIMIZATION_LEVEL = "-Onone";
				SWIFT_STRICT_CONCURRENCY = minimal;
				SWIFT_VERSION = 5.9;
			};
			name = Debug;
		};
		D702FB8328777E6F85191BAA /* Release */ = {
			isa = XCBuildConfiguration;
			buildSettings = {
				BUNDLE_LOADER = "$(TEST_HOST)";
				GENERATE_INFOPLIST_FILE = YES;
				LD_RUNPATH_SEARCH_PATHS = (
					"$(inherited)",
					"@executable_path/Frameworks",
					"@loader_path/Frameworks",
				);
				PRODUCT_BUNDLE_IDENTIFIER = com.salemseats.cadence.tests;
				SDKROOT = auto;
				SUPPORTED_PLATFORMS = "iphoneos iphonesimulator macosx";
				SUPPORTS_MACCATALYST = NO;
				SUPPORTS_MAC_DESIGNED_FOR_IPHONE_IPAD = NO;
				SUPPORTS_XR_DESIGNED_FOR_IPHONE_IPAD = YES;
				TARGETED_DEVICE_FAMILY = "1,2";
				TEST_HOST = "$(BUILT_PRODUCTS_DIR)/Cadence.app/Cadence";
				"TEST_HOST[sdk=macosx*]" = "$(BUILT_PRODUCTS_DIR)/Cadence.app/Contents/MacOS/Cadence";
			};
			name = Release;
		};
/* End XCBuildConfiguration section */

/* Begin XCConfigurationList section */
		07126B28B5B904C139BBD128 /* Build configuration list for PBXNativeTarget "Cadence" */ = {
			isa = XCConfigurationList;
			buildConfigurations = (
				0AC6D37A18265C6868E862C8 /* Debug */,
				66FA57B5F57FFDBD1C1E8963 /* Release */,
			);
			defaultConfigurationIsVisible = 0;
			defaultConfigurationName = Debug;
		};
		66B1F7C89C12897815378340 /* Build configuration list for PBXNativeTarget "CadenceTests" */ = {
			isa = XCConfigurationList;
			buildConfigurations = (
				A689E1BC11344A42CCA247B3 /* Debug */,
				D702FB8328777E6F85191BAA /* Release */,
			);
			defaultConfigurationIsVisible = 0;
			defaultConfigurationName = Debug;
		};
		6735F591880E2DF1BC393107 /* Build configuration list for PBXProject "Cadence" */ = {
			isa = XCConfigurationList;
			buildConfigurations = (
				C78721ED836CA881972A504D /* Debug */,
				9DBE9E0079A7DB194A03BF0C /* Release */,
			);
			defaultConfigurationIsVisible = 0;
			defaultConfigurationName = Debug;
		};
/* End XCConfigurationList section */
	};
	rootObject = 9FA114BF81E88A4D01B65D31 /* Project object */;
}
